Microsoft Visual Studio Solution File, Format Version 12.00
# Visual Studio 15
Project("{8BC9CEB8-8B4A-11D0-8D11-00A0C91BC942}") = "ALL_BUILD", "ALL_BUILD.vcxproj", "{FE2AED6B-00B7-341F-9378-6D834C1819F8}"
	ProjectSection(ProjectDependencies) = postProject
		{9BCA680A-B35C-38CB-AB03-C4229E5D07B9} = {9BCA680A-B35C-38CB-AB03-C4229E5D07B9}
		{8C9A706F-A535-38FC-AE8D-51BC4124DFC2} = {8C9A706F-A535-38FC-AE8D-51BC4124DFC2}
		{D3A8838B-5B0F-37EC-B9FB-8CEC6AF60191} = {D3A8838B-5B0F-37EC-B9FB-8CEC6AF60191}
		{97A9A308-6835-356B-97F4-78968FEE5212} = {97A9A308-6835-356B-97F4-78968FEE5212}
		{803FC11D-4FF3-3BAD-8391-6FA9353BFC08} = {803FC11D-4FF3-3BAD-8391-6FA9353BFC08}
		{654FBDD2-510B-3984-A804-F7A1819BB62F} = {654FBDD2-510B-3984-A804-F7A1819BB62F}
		{44067C8F-3643-3875-9D76-E1E923ACA463} = {44067C8F-3643-3875-9D76-E1E923ACA463}
		{5371134B-CE35-3F9E-B299-2F96D9458193} = {5371134B-CE35-3F9E-B299-2F96D9458193}
		{3B08B9B5-AEAD-3FFB-AD96-59C11E7EF477} = {3B08B9B5-AEAD-3FFB-AD96-59C11E7EF477}
		{723F64CA-D2F2-3A96-92B2-AE4B69373419} = {723F64CA-D2F2-3A96-92B2-AE4B69373419}
		{DA1231BF-A102-3438-8D30-FE5E9A40C861} = {DA1231BF-A102-3438-8D30-FE5E9A40C861}
		{438C0800-9B64-3401-B1DE-579C99471AE0} = {438C0800-9B64-3401-B1DE-579C99471AE0}
		{B482C06C-C461-36A8-B951-C1B3A18388BA} = {B482C06C-C461-36A8-B951-C1B3A18388BA}
		{2E386E11-B5F2-35D8-966F-18C7BB735672} = {2E386E11-B5F2-35D8-966F-18C7BB735672}
		{BB7B1019-7F73-332C-BE95-199597D2B3A1} = {BB7B1019-7F73-332C-BE95-199597D2B3A1}
	EndProjectSection
EndProject
Project("{8BC9CEB8-8B4A-11D0-8D11-00A0C91BC942}") = "Detour", "dep\recastnavigation\Detour\Detour.vcxproj", "{9BCA680A-B35C-38CB-AB03-C4229E5D07B9}"
	ProjectSection(ProjectDependencies) = postProject
		{D3A8838B-5B0F-37EC-B9FB-8CEC6AF60191} = {D3A8838B-5B0F-37EC-B9FB-8CEC6AF60191}
		{BB7B1019-7F73-332C-BE95-199597D2B3A1} = {BB7B1019-7F73-332C-BE95-199597D2B3A1}
	EndProjectSection
EndProject
Project("{8BC9CEB8-8B4A-11D0-8D11-00A0C91BC942}") = "INSTALL", "INSTALL.vcxproj", "{BAA41D25-FDF6-3E47-AD2C-0CB189A10EA6}"
	ProjectSection(ProjectDependencies) = postProject
		{FE2AED6B-00B7-341F-9378-6D834C1819F8} = {FE2AED6B-00B7-341F-9378-6D834C1819F8}
		{D3A8838B-5B0F-37EC-B9FB-8CEC6AF60191} = {D3A8838B-5B0F-37EC-B9FB-8CEC6AF60191}
	EndProjectSection
EndProject
Project("{8BC9CEB8-8B4A-11D0-8D11-00A0C91BC942}") = "Recast", "dep\recastnavigation\Recast\Recast.vcxproj", "{8C9A706F-A535-38FC-AE8D-51BC4124DFC2}"
	ProjectSection(ProjectDependencies) = postProject
		{D3A8838B-5B0F-37EC-B9FB-8CEC6AF60191} = {D3A8838B-5B0F-37EC-B9FB-8CEC6AF60191}
		{BB7B1019-7F73-332C-BE95-199597D2B3A1} = {BB7B1019-7F73-332C-BE95-199597D2B3A1}
	EndProjectSection
EndProject
Project("{8BC9CEB8-8B4A-11D0-8D11-00A0C91BC942}") = "ZERO_CHECK", "ZERO_CHECK.vcxproj", "{D3A8838B-5B0F-37EC-B9FB-8CEC6AF60191}"
	ProjectSection(ProjectDependencies) = postProject
	EndProjectSection
EndProject
Project("{8BC9CEB8-8B4A-11D0-8D11-00A0C91BC942}") = "authserver", "src\server\authserver\authserver.vcxproj", "{97A9A308-6835-356B-97F4-78968FEE5212}"
	ProjectSection(ProjectDependencies) = postProject
		{9BCA680A-B35C-38CB-AB03-C4229E5D07B9} = {9BCA680A-B35C-38CB-AB03-C4229E5D07B9}
		{D3A8838B-5B0F-37EC-B9FB-8CEC6AF60191} = {D3A8838B-5B0F-37EC-B9FB-8CEC6AF60191}
		{803FC11D-4FF3-3BAD-8391-6FA9353BFC08} = {803FC11D-4FF3-3BAD-8391-6FA9353BFC08}
		{654FBDD2-510B-3984-A804-F7A1819BB62F} = {654FBDD2-510B-3984-A804-F7A1819BB62F}
		{44067C8F-3643-3875-9D76-E1E923ACA463} = {44067C8F-3643-3875-9D76-E1E923ACA463}
		{5371134B-CE35-3F9E-B299-2F96D9458193} = {5371134B-CE35-3F9E-B299-2F96D9458193}
		{B482C06C-C461-36A8-B951-C1B3A18388BA} = {B482C06C-C461-36A8-B951-C1B3A18388BA}
		{BB7B1019-7F73-332C-BE95-199597D2B3A1} = {BB7B1019-7F73-332C-BE95-199597D2B3A1}
	EndProjectSection
EndProject
Project("{8BC9CEB8-8B4A-11D0-8D11-00A0C91BC942}") = "clean_cotire", "src\common\clean_cotire.vcxproj", "{5314EC57-BAAD-3B4A-887A-FB84D539147F}"
	ProjectSection(ProjectDependencies) = postProject
		{D3A8838B-5B0F-37EC-B9FB-8CEC6AF60191} = {D3A8838B-5B0F-37EC-B9FB-8CEC6AF60191}
	EndProjectSection
EndProject
Project("{8BC9CEB8-8B4A-11D0-8D11-00A0C91BC942}") = "common", "src\common\common.vcxproj", "{803FC11D-4FF3-3BAD-8391-6FA9353BFC08}"
	ProjectSection(ProjectDependencies) = postProject
		{9BCA680A-B35C-38CB-AB03-C4229E5D07B9} = {9BCA680A-B35C-38CB-AB03-C4229E5D07B9}
		{D3A8838B-5B0F-37EC-B9FB-8CEC6AF60191} = {D3A8838B-5B0F-37EC-B9FB-8CEC6AF60191}
		{44067C8F-3643-3875-9D76-E1E923ACA463} = {44067C8F-3643-3875-9D76-E1E923ACA463}
		{5371134B-CE35-3F9E-B299-2F96D9458193} = {5371134B-CE35-3F9E-B299-2F96D9458193}
		{DA1231BF-A102-3438-8D30-FE5E9A40C861} = {DA1231BF-A102-3438-8D30-FE5E9A40C861}
		{BB7B1019-7F73-332C-BE95-199597D2B3A1} = {BB7B1019-7F73-332C-BE95-199597D2B3A1}
	EndProjectSection
EndProject
Project("{8BC9CEB8-8B4A-11D0-8D11-00A0C91BC942}") = "database", "src\server\database\database.vcxproj", "{654FBDD2-510B-3984-A804-F7A1819BB62F}"
	ProjectSection(ProjectDependencies) = postProject
		{9BCA680A-B35C-38CB-AB03-C4229E5D07B9} = {9BCA680A-B35C-38CB-AB03-C4229E5D07B9}
		{D3A8838B-5B0F-37EC-B9FB-8CEC6AF60191} = {D3A8838B-5B0F-37EC-B9FB-8CEC6AF60191}
		{803FC11D-4FF3-3BAD-8391-6FA9353BFC08} = {803FC11D-4FF3-3BAD-8391-6FA9353BFC08}
		{44067C8F-3643-3875-9D76-E1E923ACA463} = {44067C8F-3643-3875-9D76-E1E923ACA463}
		{5371134B-CE35-3F9E-B299-2F96D9458193} = {5371134B-CE35-3F9E-B299-2F96D9458193}
		{BB7B1019-7F73-332C-BE95-199597D2B3A1} = {BB7B1019-7F73-332C-BE95-199597D2B3A1}
	EndProjectSection
EndProject
Project("{8BC9CEB8-8B4A-11D0-8D11-00A0C91BC942}") = "fmt", "dep\fmt\fmt.vcxproj", "{44067C8F-3643-3875-9D76-E1E923ACA463}"
	ProjectSection(ProjectDependencies) = postProject
		{D3A8838B-5B0F-37EC-B9FB-8CEC6AF60191} = {D3A8838B-5B0F-37EC-B9FB-8CEC6AF60191}
	EndProjectSection
EndProject
Project("{8BC9CEB8-8B4A-11D0-8D11-00A0C91BC942}") = "g3dlib", "dep\g3dlite\g3dlib.vcxproj", "{5371134B-CE35-3F9E-B299-2F96D9458193}"
	ProjectSection(ProjectDependencies) = postProject
		{D3A8838B-5B0F-37EC-B9FB-8CEC6AF60191} = {D3A8838B-5B0F-37EC-B9FB-8CEC6AF60191}
		{BB7B1019-7F73-332C-BE95-199597D2B3A1} = {BB7B1019-7F73-332C-BE95-199597D2B3A1}
	EndProjectSection
EndProject
Project("{8BC9CEB8-8B4A-11D0-8D11-00A0C91BC942}") = "game", "src\server\game\game.vcxproj", "{3B08B9B5-AEAD-3FFB-AD96-59C11E7EF477}"
	ProjectSection(ProjectDependencies) = postProject
		{9BCA680A-B35C-38CB-AB03-C4229E5D07B9} = {9BCA680A-B35C-38CB-AB03-C4229E5D07B9}
		{D3A8838B-5B0F-37EC-B9FB-8CEC6AF60191} = {D3A8838B-5B0F-37EC-B9FB-8CEC6AF60191}
		{803FC11D-4FF3-3BAD-8391-6FA9353BFC08} = {803FC11D-4FF3-3BAD-8391-6FA9353BFC08}
		{654FBDD2-510B-3984-A804-F7A1819BB62F} = {654FBDD2-510B-3984-A804-F7A1819BB62F}
		{44067C8F-3643-3875-9D76-E1E923ACA463} = {44067C8F-3643-3875-9D76-E1E923ACA463}
		{5371134B-CE35-3F9E-B299-2F96D9458193} = {5371134B-CE35-3F9E-B299-2F96D9458193}
		{B482C06C-C461-36A8-B951-C1B3A18388BA} = {B482C06C-C461-36A8-B951-C1B3A18388BA}
		{BB7B1019-7F73-332C-BE95-199597D2B3A1} = {BB7B1019-7F73-332C-BE95-199597D2B3A1}
	EndProjectSection
EndProject
Project("{8BC9CEB8-8B4A-11D0-8D11-00A0C91BC942}") = "gsoap", "dep\gsoap\gsoap.vcxproj", "{723F64CA-D2F2-3A96-92B2-AE4B69373419}"
	ProjectSection(ProjectDependencies) = postProject
		{D3A8838B-5B0F-37EC-B9FB-8CEC6AF60191} = {D3A8838B-5B0F-37EC-B9FB-8CEC6AF60191}
	EndProjectSection
EndProject
Project("{8BC9CEB8-8B4A-11D0-8D11-00A0C91BC942}") = "revision_data.h", "src\genrev\revision_data.h.vcxproj", "{DA1231BF-A102-3438-8D30-FE5E9A40C861}"
	ProjectSection(ProjectDependencies) = postProject
		{D3A8838B-5B0F-37EC-B9FB-8CEC6AF60191} = {D3A8838B-5B0F-37EC-B9FB-8CEC6AF60191}
	EndProjectSection
EndProject
Project("{8BC9CEB8-8B4A-11D0-8D11-00A0C91BC942}") = "scripts", "src\server\scripts\scripts.vcxproj", "{438C0800-9B64-3401-B1DE-579C99471AE0}"
	ProjectSection(ProjectDependencies) = postProject
		{9BCA680A-B35C-38CB-AB03-C4229E5D07B9} = {9BCA680A-B35C-38CB-AB03-C4229E5D07B9}
		{D3A8838B-5B0F-37EC-B9FB-8CEC6AF60191} = {D3A8838B-5B0F-37EC-B9FB-8CEC6AF60191}
		{803FC11D-4FF3-3BAD-8391-6FA9353BFC08} = {803FC11D-4FF3-3BAD-8391-6FA9353BFC08}
		{654FBDD2-510B-3984-A804-F7A1819BB62F} = {654FBDD2-510B-3984-A804-F7A1819BB62F}
		{44067C8F-3643-3875-9D76-E1E923ACA463} = {44067C8F-3643-3875-9D76-E1E923ACA463}
		{5371134B-CE35-3F9E-B299-2F96D9458193} = {5371134B-CE35-3F9E-B299-2F96D9458193}
		{B482C06C-C461-36A8-B951-C1B3A18388BA} = {B482C06C-C461-36A8-B951-C1B3A18388BA}
		{BB7B1019-7F73-332C-BE95-199597D2B3A1} = {BB7B1019-7F73-332C-BE95-199597D2B3A1}
	EndProjectSection
EndProject
Project("{8BC9CEB8-8B4A-11D0-8D11-00A0C91BC942}") = "shared", "src\server\shared\shared.vcxproj", "{B482C06C-C461-36A8-B951-C1B3A18388BA}"
	ProjectSection(ProjectDependencies) = postProject
		{9BCA680A-B35C-38CB-AB03-C4229E5D07B9} = {9BCA680A-B35C-38CB-AB03-C4229E5D07B9}
		{D3A8838B-5B0F-37EC-B9FB-8CEC6AF60191} = {D3A8838B-5B0F-37EC-B9FB-8CEC6AF60191}
		{803FC11D-4FF3-3BAD-8391-6FA9353BFC08} = {803FC11D-4FF3-3BAD-8391-6FA9353BFC08}
		{654FBDD2-510B-3984-A804-F7A1819BB62F} = {654FBDD2-510B-3984-A804-F7A1819BB62F}
		{44067C8F-3643-3875-9D76-E1E923ACA463} = {44067C8F-3643-3875-9D76-E1E923ACA463}
		{5371134B-CE35-3F9E-B299-2F96D9458193} = {5371134B-CE35-3F9E-B299-2F96D9458193}
		{BB7B1019-7F73-332C-BE95-199597D2B3A1} = {BB7B1019-7F73-332C-BE95-199597D2B3A1}
	EndProjectSection
EndProject
Project("{8BC9CEB8-8B4A-11D0-8D11-00A0C91BC942}") = "worldserver", "src\server\worldserver\worldserver.vcxproj", "{2E386E11-B5F2-35D8-966F-18C7BB735672}"
	ProjectSection(ProjectDependencies) = postProject
		{9BCA680A-B35C-38CB-AB03-C4229E5D07B9} = {9BCA680A-B35C-38CB-AB03-C4229E5D07B9}
		{D3A8838B-5B0F-37EC-B9FB-8CEC6AF60191} = {D3A8838B-5B0F-37EC-B9FB-8CEC6AF60191}
		{803FC11D-4FF3-3BAD-8391-6FA9353BFC08} = {803FC11D-4FF3-3BAD-8391-6FA9353BFC08}
		{654FBDD2-510B-3984-A804-F7A1819BB62F} = {654FBDD2-510B-3984-A804-F7A1819BB62F}
		{44067C8F-3643-3875-9D76-E1E923ACA463} = {44067C8F-3643-3875-9D76-E1E923ACA463}
		{5371134B-CE35-3F9E-B299-2F96D9458193} = {5371134B-CE35-3F9E-B299-2F96D9458193}
		{3B08B9B5-AEAD-3FFB-AD96-59C11E7EF477} = {3B08B9B5-AEAD-3FFB-AD96-59C11E7EF477}
		{723F64CA-D2F2-3A96-92B2-AE4B69373419} = {723F64CA-D2F2-3A96-92B2-AE4B69373419}
		{438C0800-9B64-3401-B1DE-579C99471AE0} = {438C0800-9B64-3401-B1DE-579C99471AE0}
		{B482C06C-C461-36A8-B951-C1B3A18388BA} = {B482C06C-C461-36A8-B951-C1B3A18388BA}
		{BB7B1019-7F73-332C-BE95-199597D2B3A1} = {BB7B1019-7F73-332C-BE95-199597D2B3A1}
	EndProjectSection
EndProject
Project("{8BC9CEB8-8B4A-11D0-8D11-00A0C91BC942}") = "zlib", "dep\zlib\zlib.vcxproj", "{BB7B1019-7F73-332C-BE95-199597D2B3A1}"
	ProjectSection(ProjectDependencies) = postProject
		{D3A8838B-5B0F-37EC-B9FB-8CEC6AF60191} = {D3A8838B-5B0F-37EC-B9FB-8CEC6AF60191}
	EndProjectSection
EndProject
Global
	GlobalSection(SolutionConfigurationPlatforms) = preSolution
		Debug|x64 = Debug|x64
		Release|x64 = Release|x64
		MinSizeRel|x64 = MinSizeRel|x64
		RelWithDebInfo|x64 = RelWithDebInfo|x64
	EndGlobalSection
	GlobalSection(ProjectConfigurationPlatforms) = postSolution
		{FE2AED6B-00B7-341F-9378-6D834C1819F8}.Debug|x64.ActiveCfg = Debug|x64
		{FE2AED6B-00B7-341F-9378-6D834C1819F8}.Debug|x64.Build.0 = Debug|x64
		{FE2AED6B-00B7-341F-9378-6D834C1819F8}.Release|x64.ActiveCfg = Release|x64
		{FE2AED6B-00B7-341F-9378-6D834C1819F8}.Release|x64.Build.0 = Release|x64
		{FE2AED6B-00B7-341F-9378-6D834C1819F8}.MinSizeRel|x64.ActiveCfg = MinSizeRel|x64
		{FE2AED6B-00B7-341F-9378-6D834C1819F8}.MinSizeRel|x64.Build.0 = MinSizeRel|x64
		{FE2AED6B-00B7-341F-9378-6D834C1819F8}.RelWithDebInfo|x64.ActiveCfg = RelWithDebInfo|x64
		{FE2AED6B-00B7-341F-9378-6D834C1819F8}.RelWithDebInfo|x64.Build.0 = RelWithDebInfo|x64
		{9BCA680A-B35C-38CB-AB03-C4229E5D07B9}.Debug|x64.ActiveCfg = Debug|x64
		{9BCA680A-B35C-38CB-AB03-C4229E5D07B9}.Debug|x64.Build.0 = Debug|x64
		{9BCA680A-B35C-38CB-AB03-C4229E5D07B9}.Release|x64.ActiveCfg = Release|x64
		{9BCA680A-B35C-38CB-AB03-C4229E5D07B9}.Release|x64.Build.0 = Release|x64
		{9BCA680A-B35C-38CB-AB03-C4229E5D07B9}.MinSizeRel|x64.ActiveCfg = MinSizeRel|x64
		{9BCA680A-B35C-38CB-AB03-C4229E5D07B9}.MinSizeRel|x64.Build.0 = MinSizeRel|x64
		{9BCA680A-B35C-38CB-AB03-C4229E5D07B9}.RelWithDebInfo|x64.ActiveCfg = RelWithDebInfo|x64
		{9BCA680A-B35C-38CB-AB03-C4229E5D07B9}.RelWithDebInfo|x64.Build.0 = RelWithDebInfo|x64
		{BAA41D25-FDF6-3E47-AD2C-0CB189A10EA6}.Debug|x64.ActiveCfg = Debug|x64
		{BAA41D25-FDF6-3E47-AD2C-0CB189A10EA6}.Release|x64.ActiveCfg = Release|x64
		{BAA41D25-FDF6-3E47-AD2C-0CB189A10EA6}.MinSizeRel|x64.ActiveCfg = MinSizeRel|x64
		{BAA41D25-FDF6-3E47-AD2C-0CB189A10EA6}.RelWithDebInfo|x64.ActiveCfg = RelWithDebInfo|x64
		{8C9A706F-A535-38FC-AE8D-51BC4124DFC2}.Debug|x64.ActiveCfg = Debug|x64
		{8C9A706F-A535-38FC-AE8D-51BC4124DFC2}.Debug|x64.Build.0 = Debug|x64
		{8C9A706F-A535-38FC-AE8D-51BC4124DFC2}.Release|x64.ActiveCfg = Release|x64
		{8C9A706F-A535-38FC-AE8D-51BC4124DFC2}.Release|x64.Build.0 = Release|x64
		{8C9A706F-A535-38FC-AE8D-51BC4124DFC2}.MinSizeRel|x64.ActiveCfg = MinSizeRel|x64
		{8C9A706F-A535-38FC-AE8D-51BC4124DFC2}.MinSizeRel|x64.Build.0 = MinSizeRel|x64
		{8C9A706F-A535-38FC-AE8D-51BC4124DFC2}.RelWithDebInfo|x64.ActiveCfg = RelWithDebInfo|x64
		{8C9A706F-A535-38FC-AE8D-51BC4124DFC2}.RelWithDebInfo|x64.Build.0 = RelWithDebInfo|x64
		{D3A8838B-5B0F-37EC-B9FB-8CEC6AF60191}.Debug|x64.ActiveCfg = Debug|x64
		{D3A8838B-5B0F-37EC-B9FB-8CEC6AF60191}.Debug|x64.Build.0 = Debug|x64
		{D3A8838B-5B0F-37EC-B9FB-8CEC6AF60191}.Release|x64.ActiveCfg = Release|x64
		{D3A8838B-5B0F-37EC-B9FB-8CEC6AF60191}.Release|x64.Build.0 = Release|x64
		{D3A8838B-5B0F-37EC-B9FB-8CEC6AF60191}.MinSizeRel|x64.ActiveCfg = MinSizeRel|x64
		{D3A8838B-5B0F-37EC-B9FB-8CEC6AF60191}.MinSizeRel|x64.Build.0 = MinSizeRel|x64
		{D3A8838B-5B0F-37EC-B9FB-8CEC6AF60191}.RelWithDebInfo|x64.ActiveCfg = RelWithDebInfo|x64
		{D3A8838B-5B0F-37EC-B9FB-8CEC6AF60191}.RelWithDebInfo|x64.Build.0 = RelWithDebInfo|x64
		{97A9A308-6835-356B-97F4-78968FEE5212}.Debug|x64.ActiveCfg = Debug|x64
		{97A9A308-6835-356B-97F4-78968FEE5212}.Debug|x64.Build.0 = Debug|x64
		{97A9A308-6835-356B-97F4-78968FEE5212}.Release|x64.ActiveCfg = Release|x64
		{97A9A308-6835-356B-97F4-78968FEE5212}.Release|x64.Build.0 = Release|x64
		{97A9A308-6835-356B-97F4-78968FEE5212}.MinSizeRel|x64.ActiveCfg = MinSizeRel|x64
		{97A9A308-6835-356B-97F4-78968FEE5212}.MinSizeRel|x64.Build.0 = MinSizeRel|x64
		{97A9A308-6835-356B-97F4-78968FEE5212}.RelWithDebInfo|x64.ActiveCfg = RelWithDebInfo|x64
		{97A9A308-6835-356B-97F4-78968FEE5212}.RelWithDebInfo|x64.Build.0 = RelWithDebInfo|x64
		{5314EC57-BAAD-3B4A-887A-FB84D539147F}.Debug|x64.ActiveCfg = Debug|x64
		{5314EC57-BAAD-3B4A-887A-FB84D539147F}.Release|x64.ActiveCfg = Release|x64
		{5314EC57-BAAD-3B4A-887A-FB84D539147F}.MinSizeRel|x64.ActiveCfg = MinSizeRel|x64
		{5314EC57-BAAD-3B4A-887A-FB84D539147F}.RelWithDebInfo|x64.ActiveCfg = RelWithDebInfo|x64
		{803FC11D-4FF3-3BAD-8391-6FA9353BFC08}.Debug|x64.ActiveCfg = Debug|x64
		{803FC11D-4FF3-3BAD-8391-6FA9353BFC08}.Debug|x64.Build.0 = Debug|x64
		{803FC11D-4FF3-3BAD-8391-6FA9353BFC08}.Release|x64.ActiveCfg = Release|x64
		{803FC11D-4FF3-3BAD-8391-6FA9353BFC08}.Release|x64.Build.0 = Release|x64
		{803FC11D-4FF3-3BAD-8391-6FA9353BFC08}.MinSizeRel|x64.ActiveCfg = MinSizeRel|x64
		{803FC11D-4FF3-3BAD-8391-6FA9353BFC08}.MinSizeRel|x64.Build.0 = MinSizeRel|x64
		{803FC11D-4FF3-3BAD-8391-6FA9353BFC08}.RelWithDebInfo|x64.ActiveCfg = RelWithDebInfo|x64
		{803FC11D-4FF3-3BAD-8391-6FA9353BFC08}.RelWithDebInfo|x64.Build.0 = RelWithDebInfo|x64
		{654FBDD2-510B-3984-A804-F7A1819BB62F}.Debug|x64.ActiveCfg = Debug|x64
		{654FBDD2-510B-3984-A804-F7A1819BB62F}.Debug|x64.Build.0 = Debug|x64
		{654FBDD2-510B-3984-A804-F7A1819BB62F}.Release|x64.ActiveCfg = Release|x64
		{654FBDD2-510B-3984-A804-F7A1819BB62F}.Release|x64.Build.0 = Release|x64
		{654FBDD2-510B-3984-A804-F7A1819BB62F}.MinSizeRel|x64.ActiveCfg = MinSizeRel|x64
		{654FBDD2-510B-3984-A804-F7A1819BB62F}.MinSizeRel|x64.Build.0 = MinSizeRel|x64
		{654FBDD2-510B-3984-A804-F7A1819BB62F}.RelWithDebInfo|x64.ActiveCfg = RelWithDebInfo|x64
		{654FBDD2-510B-3984-A804-F7A1819BB62F}.RelWithDebInfo|x64.Build.0 = RelWithDebInfo|x64
		{44067C8F-3643-3875-9D76-E1E923ACA463}.Debug|x64.ActiveCfg = Debug|x64
		{44067C8F-3643-3875-9D76-E1E923ACA463}.Debug|x64.Build.0 = Debug|x64
		{44067C8F-3643-3875-9D76-E1E923ACA463}.Release|x64.ActiveCfg = Release|x64
		{44067C8F-3643-3875-9D76-E1E923ACA463}.Release|x64.Build.0 = Release|x64
		{44067C8F-3643-3875-9D76-E1E923ACA463}.MinSizeRel|x64.ActiveCfg = MinSizeRel|x64
		{44067C8F-3643-3875-9D76-E1E923ACA463}.MinSizeRel|x64.Build.0 = MinSizeRel|x64
		{44067C8F-3643-3875-9D76-E1E923ACA463}.RelWithDebInfo|x64.ActiveCfg = RelWithDebInfo|x64
		{44067C8F-3643-3875-9D76-E1E923ACA463}.RelWithDebInfo|x64.Build.0 = RelWithDebInfo|x64
		{5371134B-CE35-3F9E-B299-2F96D9458193}.Debug|x64.ActiveCfg = Debug|x64
		{5371134B-CE35-3F9E-B299-2F96D9458193}.Debug|x64.Build.0 = Debug|x64
		{5371134B-CE35-3F9E-B299-2F96D9458193}.Release|x64.ActiveCfg = Release|x64
		{5371134B-CE35-3F9E-B299-2F96D9458193}.Release|x64.Build.0 = Release|x64
		{5371134B-CE35-3F9E-B299-2F96D9458193}.MinSizeRel|x64.ActiveCfg = MinSizeRel|x64
		{5371134B-CE35-3F9E-B299-2F96D9458193}.MinSizeRel|x64.Build.0 = MinSizeRel|x64
		{5371134B-CE35-3F9E-B299-2F96D9458193}.RelWithDebInfo|x64.ActiveCfg = RelWithDebInfo|x64
		{5371134B-CE35-3F9E-B299-2F96D9458193}.RelWithDebInfo|x64.Build.0 = RelWithDebInfo|x64
		{3B08B9B5-AEAD-3FFB-AD96-59C11E7EF477}.Debug|x64.ActiveCfg = Debug|x64
		{3B08B9B5-AEAD-3FFB-AD96-59C11E7EF477}.Debug|x64.Build.0 = Debug|x64
		{3B08B9B5-AEAD-3FFB-AD96-59C11E7EF477}.Release|x64.ActiveCfg = Release|x64
		{3B08B9B5-AEAD-3FFB-AD96-59C11E7EF477}.Release|x64.Build.0 = Release|x64
		{3B08B9B5-AEAD-3FFB-AD96-59C11E7EF477}.MinSizeRel|x64.ActiveCfg = MinSizeRel|x64
		{3B08B9B5-AEAD-3FFB-AD96-59C11E7EF477}.MinSizeRel|x64.Build.0 = MinSizeRel|x64
		{3B08B9B5-AEAD-3FFB-AD96-59C11E7EF477}.RelWithDebInfo|x64.ActiveCfg = RelWithDebInfo|x64
		{3B08B9B5-AEAD-3FFB-AD96-59C11E7EF477}.RelWithDebInfo|x64.Build.0 = RelWithDebInfo|x64
		{723F64CA-D2F2-3A96-92B2-AE4B69373419}.Debug|x64.ActiveCfg = Debug|x64
		{723F64CA-D2F2-3A96-92B2-AE4B69373419}.Debug|x64.Build.0 = Debug|x64
		{723F64CA-D2F2-3A96-92B2-AE4B69373419}.Release|x64.ActiveCfg = Release|x64
		{723F64CA-D2F2-3A96-92B2-AE4B69373419}.Release|x64.Build.0 = Release|x64
		{723F64CA-D2F2-3A96-92B2-AE4B69373419}.MinSizeRel|x64.ActiveCfg = MinSizeRel|x64
		{723F64CA-D2F2-3A96-92B2-AE4B69373419}.MinSizeRel|x64.Build.0 = MinSizeRel|x64
		{723F64CA-D2F2-3A96-92B2-AE4B69373419}.RelWithDebInfo|x64.ActiveCfg = RelWithDebInfo|x64
		{723F64CA-D2F2-3A96-92B2-AE4B69373419}.RelWithDebInfo|x64.Build.0 = RelWithDebInfo|x64
		{DA1231BF-A102-3438-8D30-FE5E9A40C861}.Debug|x64.ActiveCfg = Debug|x64
		{DA1231BF-A102-3438-8D30-FE5E9A40C861}.Debug|x64.Build.0 = Debug|x64
		{DA1231BF-A102-3438-8D30-FE5E9A40C861}.Release|x64.ActiveCfg = Release|x64
		{DA1231BF-A102-3438-8D30-FE5E9A40C861}.Release|x64.Build.0 = Release|x64
		{DA1231BF-A102-3438-8D30-FE5E9A40C861}.MinSizeRel|x64.ActiveCfg = MinSizeRel|x64
		{DA1231BF-A102-3438-8D30-FE5E9A40C861}.MinSizeRel|x64.Build.0 = MinSizeRel|x64
		{DA1231BF-A102-3438-8D30-FE5E9A40C861}.RelWithDebInfo|x64.ActiveCfg = RelWithDebInfo|x64
		{DA1231BF-A102-3438-8D30-FE5E9A40C861}.RelWithDebInfo|x64.Build.0 = RelWithDebInfo|x64
		{438C0800-9B64-3401-B1DE-579C99471AE0}.Debug|x64.ActiveCfg = Debug|x64
		{438C0800-9B64-3401-B1DE-579C99471AE0}.Debug|x64.Build.0 = Debug|x64
		{438C0800-9B64-3401-B1DE-579C99471AE0}.Release|x64.ActiveCfg = Release|x64
		{438C0800-9B64-3401-B1DE-579C99471AE0}.Release|x64.Build.0 = Release|x64
		{438C0800-9B64-3401-B1DE-579C99471AE0}.MinSizeRel|x64.ActiveCfg = MinSizeRel|x64
		{438C0800-9B64-3401-B1DE-579C99471AE0}.MinSizeRel|x64.Build.0 = MinSizeRel|x64
		{438C0800-9B64-3401-B1DE-579C99471AE0}.RelWithDebInfo|x64.ActiveCfg = RelWithDebInfo|x64
		{438C0800-9B64-3401-B1DE-579C99471AE0}.RelWithDebInfo|x64.Build.0 = RelWithDebInfo|x64
		{B482C06C-C461-36A8-B951-C1B3A18388BA}.Debug|x64.ActiveCfg = Debug|x64
		{B482C06C-C461-36A8-B951-C1B3A18388BA}.Debug|x64.Build.0 = Debug|x64
		{B482C06C-C461-36A8-B951-C1B3A18388BA}.Release|x64.ActiveCfg = Release|x64
		{B482C06C-C461-36A8-B951-C1B3A18388BA}.Release|x64.Build.0 = Release|x64
		{B482C06C-C461-36A8-B951-C1B3A18388BA}.MinSizeRel|x64.ActiveCfg = MinSizeRel|x64
		{B482C06C-C461-36A8-B951-C1B3A18388BA}.MinSizeRel|x64.Build.0 = MinSizeRel|x64
		{B482C06C-C461-36A8-B951-C1B3A18388BA}.RelWithDebInfo|x64.ActiveCfg = RelWithDebInfo|x64
		{B482C06C-C461-36A8-B951-C1B3A18388BA}.RelWithDebInfo|x64.Build.0 = RelWithDebInfo|x64
		{2E386E11-B5F2-35D8-966F-18C7BB735672}.Debug|x64.ActiveCfg = Debug|x64
		{2E386E11-B5F2-35D8-966F-18C7BB735672}.Debug|x64.Build.0 = Debug|x64
		{2E386E11-B5F2-35D8-966F-18C7BB735672}.Release|x64.ActiveCfg = Release|x64
		{2E386E11-B5F2-35D8-966F-18C7BB735672}.Release|x64.Build.0 = Release|x64
		{2E386E11-B5F2-35D8-966F-18C7BB735672}.MinSizeRel|x64.ActiveCfg = MinSizeRel|x64
		{2E386E11-B5F2-35D8-966F-18C7BB735672}.MinSizeRel|x64.Build.0 = MinSizeRel|x64
		{2E386E11-B5F2-35D8-966F-18C7BB735672}.RelWithDebInfo|x64.ActiveCfg = RelWithDebInfo|x64
		{2E386E11-B5F2-35D8-966F-18C7BB735672}.RelWithDebInfo|x64.Build.0 = RelWithDebInfo|x64
		{BB7B1019-7F73-332C-BE95-199597D2B3A1}.Debug|x64.ActiveCfg = Debug|x64
		{BB7B1019-7F73-332C-BE95-199597D2B3A1}.Debug|x64.Build.0 = Debug|x64
		{BB7B1019-7F73-332C-BE95-199597D2B3A1}.Release|x64.ActiveCfg = Release|x64
		{BB7B1019-7F73-332C-BE95-199597D2B3A1}.Release|x64.Build.0 = Release|x64
		{BB7B1019-7F73-332C-BE95-199597D2B3A1}.MinSizeRel|x64.ActiveCfg = MinSizeRel|x64
		{BB7B1019-7F73-332C-BE95-199597D2B3A1}.MinSizeRel|x64.Build.0 = MinSizeRel|x64
		{BB7B1019-7F73-332C-BE95-199597D2B3A1}.RelWithDebInfo|x64.ActiveCfg = RelWithDebInfo|x64
		{BB7B1019-7F73-332C-BE95-199597D2B3A1}.RelWithDebInfo|x64.Build.0 = RelWithDebInfo|x64
	EndGlobalSection
	GlobalSection(ExtensibilityGlobals) = postSolution
		SolutionGuid = {4BB4BA70-24C6-3668-AFB5-79727F3862D9}
	EndGlobalSection
	GlobalSection(ExtensibilityAddIns) = postSolution
	EndGlobalSection
EndGlobal
