<?xml version="1.0" encoding="UTF-8"?>
<Project ToolsVersion="15.0" xmlns="http://schemas.microsoft.com/developer/msbuild/2003">
  <ItemGroup>
    <CustomBuild Include="D:\Kontra\Build\CMakeFiles\78d19f01aa0848f35cc76336fa11a3a6\INSTALL_force.rule">
      <Filter>CMake Rules</Filter>
    </CustomBuild>
  </ItemGroup>
  <ItemGroup>
    <Filter Include="CMake Rules">
      <UniqueIdentifier>{B5B2270A-F6AB-3AF2-8611-DE695E306A11}</UniqueIdentifier>
    </Filter>
  </ItemGroup>
</Project>
