<?xml version="1.0" encoding="UTF-8"?>
<Project ToolsVersion="15.0" xmlns="http://schemas.microsoft.com/developer/msbuild/2003">
  <ItemGroup>
    <CustomBuild Include="D:\Kontra\Core\src\genrev\CMakeLists.txt" />
    <CustomBuild Include="D:\Kontra\Build\CMakeFiles\c21c0ae2c34110a71d42af8896e3828b\revision_data.h.rule">
      <Filter>CMake Rules</Filter>
    </CustomBuild>
  </ItemGroup>
  <ItemGroup>
    <None Include="D:\Kontra\Build\src\genrev\CMakeFiles\revision_data.h">
      <Filter>Header Files</Filter>
    </None>
  </ItemGroup>
  <ItemGroup>
    <Filter Include="Header Files">
      <UniqueIdentifier>{4B9E6E0B-3FF7-36D3-8960-19ECC20DD5FD}</UniqueIdentifier>
    </Filter>
    <Filter Include="CMake Rules">
      <UniqueIdentifier>{B5B2270A-F6AB-3AF2-8611-DE695E306A11}</UniqueIdentifier>
    </Filter>
  </ItemGroup>
</Project>
